<?xml version="1.0" encoding="utf-8"?>
<Project ToolsVersion="4.0" xmlns="http://schemas.microsoft.com/developer/msbuild/2003">
  <ItemGroup>
    <Filter Include="main">
      <UniqueIdentifier>{A1B2C3D4-0001-0001-0001-000000000001}</UniqueIdentifier>
      <Extensions>cpp;c</Extensions>
    </Filter>
    <Filter Include="model">
      <UniqueIdentifier>{A1B2C3D4-0002-0002-0002-000000000002}</UniqueIdentifier>
      <Extensions>h;hpp;cpp;c</Extensions>
    </Filter>
    <Filter Include="db">
      <UniqueIdentifier>{A1B2C3D4-0003-0003-0003-000000000003}</UniqueIdentifier>
      <Extensions>h;hpp;cpp;c</Extensions>
    </Filter>
  </ItemGroup>
  <ItemGroup>
    <ClCompile Include="main\main.cpp">
      <Filter>main</Filter>
    </ClCompile>
  </ItemGroup>
</Project>
